{
	"name": "codember-solutions",
	"version": "1.0.0",
	"lockfileVersion": 2,
	"requires": true,
	"packages": {
		"": {
			"name": "codember-solutions",
			"version": "1.0.0"
		},
		"solutions/challenge-01": {
			"version": "1.0.0",
			"extraneous": true,
			"license": "ISC"
		},
		"solutions/challenge-02": {
			"version": "1.0.0",
			"extraneous": true,
			"license": "ISC"
		}
	}
}
