{
  "name": "codember-solutions",
  "version": "1.0.0",
  "lockfileVersion": 2,
  "requires": true,
  "packages": {
    "": {
      "name": "codember-solutions",
      "version": "1.0.0",
      "workspaces": [
        "solutions/*"
      ]
    },
    "node_modules/challenge-01": {
      "resolved": "solutions/challenge-01",
      "link": true
    },
    "node_modules/challenge-02": {
      "resolved": "solutions/challenge-02",
      "link": true
    },
    "solutions/challenge-01": {
      "version": "1.0.0",
      "license": "ISC"
    },
    "solutions/challenge-02": {
      "version": "1.0.0",
      "license": "ISC"
    }
  },
  "dependencies": {
    "challenge-01": {
      "version": "file:solutions/challenge-01"
    },
    "challenge-02": {
      "version": "file:solutions/challenge-02"
    }
  }
}
